{
    "name": "@senacor/azure-function-middleware-example",
    "version": "1.0.0",
    "lockfileVersion": 2,
    "requires": true,
    "packages": {
        "": {
            "name": "@senacor/azure-function-middleware-example",
            "version": "1.0.0",
            "license": "MIT",
            "dependencies": {
                "@azure/functions": "4.6.0",
                "joi": "^17.13.3"
            },
            "devDependencies": {
                "typescript": "^4.4.3"
            }
        },
        "node_modules/@azure/functions": {
            "version": "4.6.0",
            "resolved": "https://registry.npmjs.org/@azure/functions/-/functions-4.6.0.tgz",
            "integrity": "sha512-vGq9jXlgrJ3KaI8bepgfpk26zVY8vFZsQukF85qjjKTAR90eFOOBNaa+mc/0ViDY2lcdrU2fL/o1pQyZUtTDsw==",
            "dependencies": {
                "cookie": "^0.7.0",
                "long": "^4.0.0",
                "undici": "^5.13.0"
            },
            "engines": {
                "node": ">=18.0"
            }
        },
        "node_modules/@fastify/busboy": {
            "version": "2.1.1",
            "resolved": "https://registry.npmjs.org/@fastify/busboy/-/busboy-2.1.1.tgz",
            "integrity": "sha512-vBZP4NlzfOlerQTnba4aqZoMhE/a9HY7HRqoOPaETQcSQuWEIyZMHGfVu6w9wGtGK5fED5qRs2DteVCjOH60sA==",
            "engines": {
                "node": ">=14"
            }
        },
        "node_modules/@hapi/hoek": {
            "version": "9.3.0",
            "resolved": "https://registry.npmjs.org/@hapi/hoek/-/hoek-9.3.0.tgz",
            "integrity": "sha512-/c6rf4UJlmHlC9b5BaNvzAcFv7HZ2QHaV0D4/HNlBdvFnvQq8RI4kYdhyPCl7Xj+oWvTWQ8ujhqS53LIgAe6KQ=="
        },
        "node_modules/@hapi/topo": {
            "version": "5.1.0",
            "resolved": "https://registry.npmjs.org/@hapi/topo/-/topo-5.1.0.tgz",
            "integrity": "sha512-foQZKJig7Ob0BMAYBfcJk8d77QtOe7Wo4ox7ff1lQYoNNAb6jwcY1ncdoy2e9wQZzvNy7ODZCYJkK8kzmcAnAg==",
            "dependencies": {
                "@hapi/hoek": "^9.0.0"
            }
        },
        "node_modules/@sideway/address": {
            "version": "4.1.5",
            "resolved": "https://registry.npmjs.org/@sideway/address/-/address-4.1.5.tgz",
            "integrity": "sha512-IqO/DUQHUkPeixNQ8n0JA6102hT9CmaljNTPmQ1u8MEhBo/R4Q8eKLN/vGZxuebwOroDB4cbpjheD4+/sKFK4Q==",
            "dependencies": {
                "@hapi/hoek": "^9.0.0"
            }
        },
        "node_modules/@sideway/formula": {
            "version": "3.0.1",
            "resolved": "https://registry.npmjs.org/@sideway/formula/-/formula-3.0.1.tgz",
            "integrity": "sha512-/poHZJJVjx3L+zVD6g9KgHfYnb443oi7wLu/XKojDviHy6HOEOA6z1Trk5aR1dGcmPenJEgb2sK2I80LeS3MIg=="
        },
        "node_modules/@sideway/pinpoint": {
            "version": "2.0.0",
            "resolved": "https://registry.npmjs.org/@sideway/pinpoint/-/pinpoint-2.0.0.tgz",
            "integrity": "sha512-RNiOoTPkptFtSVzQevY/yWtZwf/RxyVnPy/OcA9HBM3MlGDnBEYL5B41H0MTn0Uec8Hi+2qUtTfG2WWZBmMejQ=="
        },
        "node_modules/cookie": {
            "version": "0.7.2",
            "resolved": "https://registry.npmjs.org/cookie/-/cookie-0.7.2.tgz",
            "integrity": "sha512-yki5XnKuf750l50uGTllt6kKILY4nQ1eNIQatoXEByZ5dWgnKqbnqmTrBE5B4N7lrMJKQ2ytWMiTO2o0v6Ew/w==",
            "engines": {
                "node": ">= 0.6"
            }
        },
        "node_modules/joi": {
            "version": "17.13.3",
            "resolved": "https://registry.npmjs.org/joi/-/joi-17.13.3.tgz",
            "integrity": "sha512-otDA4ldcIx+ZXsKHWmp0YizCweVRZG96J10b0FevjfuncLO1oX59THoAmHkNubYJ+9gWsYsp5k8v4ib6oDv1fA==",
            "dependencies": {
                "@hapi/hoek": "^9.3.0",
                "@hapi/topo": "^5.1.0",
                "@sideway/address": "^4.1.5",
                "@sideway/formula": "^3.0.1",
                "@sideway/pinpoint": "^2.0.0"
            }
        },
        "node_modules/long": {
            "version": "4.0.0",
            "resolved": "https://registry.npmjs.org/long/-/long-4.0.0.tgz",
            "integrity": "sha512-XsP+KhQif4bjX1kbuSiySJFNAehNxgLb6hPRGJ9QsUr8ajHkuXGdrHmFUTUUXhDwVX2R5bY4JNZEwbUiMhV+MA=="
        },
        "node_modules/typescript": {
            "version": "4.5.4",
            "resolved": "https://registry.npmjs.org/typescript/-/typescript-4.5.4.tgz",
            "integrity": "sha512-VgYs2A2QIRuGphtzFV7aQJduJ2gyfTljngLzjpfW9FoYZF6xuw1W0vW9ghCKLfcWrCFxK81CSGRAvS1pn4fIUg==",
            "dev": true,
            "bin": {
                "tsc": "bin/tsc",
                "tsserver": "bin/tsserver"
            },
            "engines": {
                "node": ">=4.2.0"
            }
        },
        "node_modules/undici": {
            "version": "5.28.4",
            "resolved": "https://registry.npmjs.org/undici/-/undici-5.28.4.tgz",
            "integrity": "sha512-72RFADWFqKmUb2hmmvNODKL3p9hcB6Gt2DOQMis1SEBaV6a4MH8soBvzg+95CYhCKPFedut2JY9bMfrDl9D23g==",
            "dependencies": {
                "@fastify/busboy": "^2.0.0"
            },
            "engines": {
                "node": ">=14.0"
            }
        }
    },
    "dependencies": {
        "@azure/functions": {
            "version": "4.6.0",
            "resolved": "https://registry.npmjs.org/@azure/functions/-/functions-4.6.0.tgz",
            "integrity": "sha512-vGq9jXlgrJ3KaI8bepgfpk26zVY8vFZsQukF85qjjKTAR90eFOOBNaa+mc/0ViDY2lcdrU2fL/o1pQyZUtTDsw==",
            "requires": {
                "cookie": "^0.7.0",
                "long": "^4.0.0",
                "undici": "^5.13.0"
            }
        },
        "@fastify/busboy": {
            "version": "2.1.1",
            "resolved": "https://registry.npmjs.org/@fastify/busboy/-/busboy-2.1.1.tgz",
            "integrity": "sha512-vBZP4NlzfOlerQTnba4aqZoMhE/a9HY7HRqoOPaETQcSQuWEIyZMHGfVu6w9wGtGK5fED5qRs2DteVCjOH60sA=="
        },
        "@hapi/hoek": {
            "version": "9.3.0",
            "resolved": "https://registry.npmjs.org/@hapi/hoek/-/hoek-9.3.0.tgz",
            "integrity": "sha512-/c6rf4UJlmHlC9b5BaNvzAcFv7HZ2QHaV0D4/HNlBdvFnvQq8RI4kYdhyPCl7Xj+oWvTWQ8ujhqS53LIgAe6KQ=="
        },
        "@hapi/topo": {
            "version": "5.1.0",
            "resolved": "https://registry.npmjs.org/@hapi/topo/-/topo-5.1.0.tgz",
            "integrity": "sha512-foQZKJig7Ob0BMAYBfcJk8d77QtOe7Wo4ox7ff1lQYoNNAb6jwcY1ncdoy2e9wQZzvNy7ODZCYJkK8kzmcAnAg==",
            "requires": {
                "@hapi/hoek": "^9.0.0"
            }
        },
        "@sideway/address": {
            "version": "4.1.5",
            "resolved": "https://registry.npmjs.org/@sideway/address/-/address-4.1.5.tgz",
            "integrity": "sha512-IqO/DUQHUkPeixNQ8n0JA6102hT9CmaljNTPmQ1u8MEhBo/R4Q8eKLN/vGZxuebwOroDB4cbpjheD4+/sKFK4Q==",
            "requires": {
                "@hapi/hoek": "^9.0.0"
            }
        },
        "@sideway/formula": {
            "version": "3.0.1",
            "resolved": "https://registry.npmjs.org/@sideway/formula/-/formula-3.0.1.tgz",
            "integrity": "sha512-/poHZJJVjx3L+zVD6g9KgHfYnb443oi7wLu/XKojDviHy6HOEOA6z1Trk5aR1dGcmPenJEgb2sK2I80LeS3MIg=="
        },
        "@sideway/pinpoint": {
            "version": "2.0.0",
            "resolved": "https://registry.npmjs.org/@sideway/pinpoint/-/pinpoint-2.0.0.tgz",
            "integrity": "sha512-RNiOoTPkptFtSVzQevY/yWtZwf/RxyVnPy/OcA9HBM3MlGDnBEYL5B41H0MTn0Uec8Hi+2qUtTfG2WWZBmMejQ=="
        },
        "cookie": {
            "version": "0.7.2",
            "resolved": "https://registry.npmjs.org/cookie/-/cookie-0.7.2.tgz",
            "integrity": "sha512-yki5XnKuf750l50uGTllt6kKILY4nQ1eNIQatoXEByZ5dWgnKqbnqmTrBE5B4N7lrMJKQ2ytWMiTO2o0v6Ew/w=="
        },
        "joi": {
            "version": "17.13.3",
            "resolved": "https://registry.npmjs.org/joi/-/joi-17.13.3.tgz",
            "integrity": "sha512-otDA4ldcIx+ZXsKHWmp0YizCweVRZG96J10b0FevjfuncLO1oX59THoAmHkNubYJ+9gWsYsp5k8v4ib6oDv1fA==",
            "requires": {
                "@hapi/hoek": "^9.3.0",
                "@hapi/topo": "^5.1.0",
                "@sideway/address": "^4.1.5",
                "@sideway/formula": "^3.0.1",
                "@sideway/pinpoint": "^2.0.0"
            }
        },
        "long": {
            "version": "4.0.0",
            "resolved": "https://registry.npmjs.org/long/-/long-4.0.0.tgz",
            "integrity": "sha512-XsP+KhQif4bjX1kbuSiySJFNAehNxgLb6hPRGJ9QsUr8ajHkuXGdrHmFUTUUXhDwVX2R5bY4JNZEwbUiMhV+MA=="
        },
        "typescript": {
            "version": "4.5.4",
            "resolved": "https://registry.npmjs.org/typescript/-/typescript-4.5.4.tgz",
            "integrity": "sha512-VgYs2A2QIRuGphtzFV7aQJduJ2gyfTljngLzjpfW9FoYZF6xuw1W0vW9ghCKLfcWrCFxK81CSGRAvS1pn4fIUg==",
            "dev": true
        },
        "undici": {
            "version": "5.28.4",
            "resolved": "https://registry.npmjs.org/undici/-/undici-5.28.4.tgz",
            "integrity": "sha512-72RFADWFqKmUb2hmmvNODKL3p9hcB6Gt2DOQMis1SEBaV6a4MH8soBvzg+95CYhCKPFedut2JY9bMfrDl9D23g==",
            "requires": {
                "@fastify/busboy": "^2.0.0"
            }
        }
    }
}
